// !$*UTF8*$!
{
	archiveVersion = 1;
	classes = {
	};
	objectVersion = 56;
	objects = {

/* Begin PBXBuildFile section */
		160F2C1C2D2FEA7B00A98ED9 /* DownloadWithCombine.swift in Sources */ = {isa = PBXBuildFile; fileRef = 160F2C1B2D2FEA7B00A98ED9 /* DownloadWithCombine.swift */; };
		160F2C1E2D3000E600A98ED9 /* TimerBootcamp.swift in Sources */ = {isa = PBXBuildFile; fileRef = 160F2C1D2D3000E600A98ED9 /* TimerBootcamp.swift */; };
		160F2C202D301D5400A98ED9 /* SubscriberBootcamp.swift in Sources */ = {isa = PBXBuildFile; fileRef = 160F2C1F2D301D5400A98ED9 /* SubscriberBootcamp.swift */; };
		160F2C222D3035DD00A98ED9 /* FileManagerBootcamp.swift in Sources */ = {isa = PBXBuildFile; fileRef = 160F2C212D3035DD00A98ED9 /* FileManagerBootcamp.swift */; };
		16724E582D31304D00189EA7 /* CacheBootcamp.swift in Sources */ = {isa = PBXBuildFile; fileRef = 16724E572D31304D00189EA7 /* CacheBootcamp.swift */; };
		1679348D2D2E9FE7007B7024 /* WeakSelfBootcamp.swift in Sources */ = {isa = PBXBuildFile; fileRef = 1679348C2D2E9FE7007B7024 /* WeakSelfBootcamp.swift */; };
		1679348F2D2EAE3B007B7024 /* TypeAliasBootcamp.swift in Sources */ = {isa = PBXBuildFile; fileRef = 1679348E2D2EAE3B007B7024 /* TypeAliasBootcamp.swift */; };
		167934912D2EB03C007B7024 /* EscapingBootcamp.swift in Sources */ = {isa = PBXBuildFile; fileRef = 167934902D2EB03C007B7024 /* EscapingBootcamp.swift */; };
		167934932D2EBEA3007B7024 /* CodableBootcamp.swift in Sources */ = {isa = PBXBuildFile; fileRef = 167934922D2EBEA3007B7024 /* CodableBootcamp.swift */; };
		167934952D2ECD38007B7024 /* DownloadWithEscapingBootcamp.swift in Sources */ = {isa = PBXBuildFile; fileRef = 167934942D2ECD38007B7024 /* DownloadWithEscapingBootcamp.swift */; };
		1697E39F2D2E8C6800000FE5 /* FruitsContainer.xcdatamodeld in Sources */ = {isa = PBXBuildFile; fileRef = 1697E39D2D2E8C6800000FE5 /* FruitsContainer.xcdatamodeld */; };
		1697E3A22D2E8DE300000FE5 /* CoreDataCointainer.xcdatamodeld in Sources */ = {isa = PBXBuildFile; fileRef = 1697E3A02D2E8DE300000FE5 /* CoreDataCointainer.xcdatamodeld */; };
		1E1449422CFF4CB2005B4EBA /* HashableBootcamp.swift in Sources */ = {isa = PBXBuildFile; fileRef = 1E1449412CFF4CB2005B4EBA /* HashableBootcamp.swift */; };
		1E1449442CFF5119005B4EBA /* ArraysBootcamp.swift in Sources */ = {isa = PBXBuildFile; fileRef = 1E1449432CFF5119005B4EBA /* ArraysBootcamp.swift */; };
		1E6254B72CFF0474006D6FC3 /* LocalNotificationBootcamp.swift in Sources */ = {isa = PBXBuildFile; fileRef = 1E6254B62CFF0474006D6FC3 /* LocalNotificationBootcamp.swift */; };
		1E67F5FE2D0084B300F13873 /* BackgroundThreadBootcamp.swift in Sources */ = {isa = PBXBuildFile; fileRef = 1E67F5FD2D0084B300F13873 /* BackgroundThreadBootcamp.swift */; };
		1E7E6E392CFD37EF005AA259 /* SwiftfulThinkingContinuedLearningApp.swift in Sources */ = {isa = PBXBuildFile; fileRef = 1E7E6E382CFD37EF005AA259 /* SwiftfulThinkingContinuedLearningApp.swift */; };
		1E7E6E3B2CFD37EF005AA259 /* ContentView.swift in Sources */ = {isa = PBXBuildFile; fileRef = 1E7E6E3A2CFD37EF005AA259 /* ContentView.swift */; };
		1E7E6E3D2CFD37F0005AA259 /* Assets.xcassets in Resources */ = {isa = PBXBuildFile; fileRef = 1E7E6E3C2CFD37F0005AA259 /* Assets.xcassets */; };
		1E7E6E402CFD37F0005AA259 /* Preview Assets.xcassets in Resources */ = {isa = PBXBuildFile; fileRef = 1E7E6E3F2CFD37F0005AA259 /* Preview Assets.xcassets */; };
		1E8B3E8B2CFE3AFE00810FC9 /* MultipleSheetsBootcamp.swift in Sources */ = {isa = PBXBuildFile; fileRef = 1E8B3E8A2CFE3AFE00810FC9 /* MultipleSheetsBootcamp.swift */; };
		1EB137562CFFBBE6002F2E12 /* CoreDataBootcamp.swift in Sources */ = {isa = PBXBuildFile; fileRef = 1EB137552CFFBBE6002F2E12 /* CoreDataBootcamp.swift */; };
		1EB1375B2CFFC625002F2E12 /* CoreDataRelationshipsBootcamp.swift in Sources */ = {isa = PBXBuildFile; fileRef = 1EB1375A2CFFC625002F2E12 /* CoreDataRelationshipsBootcamp.swift */; };
		1EBA584F2CFE68E200766A7A /* MaskBootcamp.swift in Sources */ = {isa = PBXBuildFile; fileRef = 1EBA584E2CFE68E200766A7A /* MaskBootcamp.swift */; };
		1EBA58512CFE6CE100766A7A /* SoundsBootcamp.swift in Sources */ = {isa = PBXBuildFile; fileRef = 1EBA58502CFE6CE100766A7A /* SoundsBootcamp.swift */; };
		1EBA58562CFE6F8E00766A7A /* tada.mp3 in Resources */ = {isa = PBXBuildFile; fileRef = 1EBA58552CFE6F8E00766A7A /* tada.mp3 */; };
		1EBA58582CFE714000766A7A /* HapticsBootcamp.swift in Sources */ = {isa = PBXBuildFile; fileRef = 1EBA58572CFE714000766A7A /* HapticsBootcamp.swift */; };
		1EE3C1E02CFDC6DF00AEF768 /* LongPressGestureBootcamp.swift in Sources */ = {isa = PBXBuildFile; fileRef = 1EE3C1DF2CFDC6DF00AEF768 /* LongPressGestureBootcamp.swift */; };
		1EE3C1E22CFDCBA900AEF768 /* MagnificationGestureBootcamp.swift in Sources */ = {isa = PBXBuildFile; fileRef = 1EE3C1E12CFDCBA900AEF768 /* MagnificationGestureBootcamp.swift */; };
		1EE3C1E42CFDD02300AEF768 /* RotationGestureBootcamp.swift in Sources */ = {isa = PBXBuildFile; fileRef = 1EE3C1E32CFDD02300AEF768 /* RotationGestureBootcamp.swift */; };
		1EE3C1E62CFDD23700AEF768 /* DragGestureBootcamp.swift in Sources */ = {isa = PBXBuildFile; fileRef = 1EE3C1E52CFDD23700AEF768 /* DragGestureBootcamp.swift */; };
		1EE3C1E82CFDE45100AEF768 /* DragGestureBootcamp2.swift in Sources */ = {isa = PBXBuildFile; fileRef = 1EE3C1E72CFDE45100AEF768 /* DragGestureBootcamp2.swift */; };
		1EE3C1EC2CFDEEB700AEF768 /* ScrollViewReaderBootcamp.swift in Sources */ = {isa = PBXBuildFile; fileRef = 1EE3C1EB2CFDEEB700AEF768 /* ScrollViewReaderBootcamp.swift */; };
		1EE3C1EE2CFDF4C900AEF768 /* GeometryReaderBootcamp.swift in Sources */ = {isa = PBXBuildFile; fileRef = 1EE3C1ED2CFDF4C900AEF768 /* GeometryReaderBootcamp.swift */; };
/* End PBXBuildFile section */

/* Begin PBXFileReference section */
		160F2C1B2D2FEA7B00A98ED9 /* DownloadWithCombine.swift */ = {isa = PBXFileReference; lastKnownFileType = sourcecode.swift; path = DownloadWithCombine.swift; sourceTree = "<group>"; };
		160F2C1D2D3000E600A98ED9 /* TimerBootcamp.swift */ = {isa = PBXFileReference; lastKnownFileType = sourcecode.swift; path = TimerBootcamp.swift; sourceTree = "<group>"; };
		160F2C1F2D301D5400A98ED9 /* SubscriberBootcamp.swift */ = {isa = PBXFileReference; lastKnownFileType = sourcecode.swift; path = SubscriberBootcamp.swift; sourceTree = "<group>"; };
		160F2C212D3035DD00A98ED9 /* FileManagerBootcamp.swift */ = {isa = PBXFileReference; lastKnownFileType = sourcecode.swift; path = FileManagerBootcamp.swift; sourceTree = "<group>"; };
		16724E572D31304D00189EA7 /* CacheBootcamp.swift */ = {isa = PBXFileReference; lastKnownFileType = sourcecode.swift; path = CacheBootcamp.swift; sourceTree = "<group>"; };
		1679348C2D2E9FE7007B7024 /* WeakSelfBootcamp.swift */ = {isa = PBXFileReference; lastKnownFileType = sourcecode.swift; path = WeakSelfBootcamp.swift; sourceTree = "<group>"; };
		1679348E2D2EAE3B007B7024 /* TypeAliasBootcamp.swift */ = {isa = PBXFileReference; lastKnownFileType = sourcecode.swift; path = TypeAliasBootcamp.swift; sourceTree = "<group>"; };
		167934902D2EB03C007B7024 /* EscapingBootcamp.swift */ = {isa = PBXFileReference; lastKnownFileType = sourcecode.swift; path = EscapingBootcamp.swift; sourceTree = "<group>"; };
		167934922D2EBEA3007B7024 /* CodableBootcamp.swift */ = {isa = PBXFileReference; lastKnownFileType = sourcecode.swift; path = CodableBootcamp.swift; sourceTree = "<group>"; };
		167934942D2ECD38007B7024 /* DownloadWithEscapingBootcamp.swift */ = {isa = PBXFileReference; lastKnownFileType = sourcecode.swift; path = DownloadWithEscapingBootcamp.swift; sourceTree = "<group>"; };
		1697E39E2D2E8C6800000FE5 /* FruitsContainer.xcdatamodel */ = {isa = PBXFileReference; lastKnownFileType = wrapper.xcdatamodel; path = FruitsContainer.xcdatamodel; sourceTree = "<group>"; };
		1697E3A12D2E8DE300000FE5 /* CoreDataCointainer.xcdatamodel */ = {isa = PBXFileReference; lastKnownFileType = wrapper.xcdatamodel; path = CoreDataCointainer.xcdatamodel; sourceTree = "<group>"; };
		1E1449412CFF4CB2005B4EBA /* HashableBootcamp.swift */ = {isa = PBXFileReference; lastKnownFileType = sourcecode.swift; path = HashableBootcamp.swift; sourceTree = "<group>"; };
		1E1449432CFF5119005B4EBA /* ArraysBootcamp.swift */ = {isa = PBXFileReference; lastKnownFileType = sourcecode.swift; path = ArraysBootcamp.swift; sourceTree = "<group>"; };
		1E6254B62CFF0474006D6FC3 /* LocalNotificationBootcamp.swift */ = {isa = PBXFileReference; lastKnownFileType = sourcecode.swift; path = LocalNotificationBootcamp.swift; sourceTree = "<group>"; };
		1E67F5FD2D0084B300F13873 /* BackgroundThreadBootcamp.swift */ = {isa = PBXFileReference; lastKnownFileType = sourcecode.swift; path = BackgroundThreadBootcamp.swift; sourceTree = "<group>"; };
		1E7E6E352CFD37EE005AA259 /* SwiftfulThinkingContinuedLearning.app */ = {isa = PBXFileReference; explicitFileType = wrapper.application; includeInIndex = 0; path = SwiftfulThinkingContinuedLearning.app; sourceTree = BUILT_PRODUCTS_DIR; };
		1E7E6E382CFD37EF005AA259 /* SwiftfulThinkingContinuedLearningApp.swift */ = {isa = PBXFileReference; lastKnownFileType = sourcecode.swift; path = SwiftfulThinkingContinuedLearningApp.swift; sourceTree = "<group>"; };
		1E7E6E3A2CFD37EF005AA259 /* ContentView.swift */ = {isa = PBXFileReference; lastKnownFileType = sourcecode.swift; path = ContentView.swift; sourceTree = "<group>"; };
		1E7E6E3C2CFD37F0005AA259 /* Assets.xcassets */ = {isa = PBXFileReference; lastKnownFileType = folder.assetcatalog; path = Assets.xcassets; sourceTree = "<group>"; };
		1E7E6E3F2CFD37F0005AA259 /* Preview Assets.xcassets */ = {isa = PBXFileReference; lastKnownFileType = folder.assetcatalog; path = "Preview Assets.xcassets"; sourceTree = "<group>"; };
		1E8B3E8A2CFE3AFE00810FC9 /* MultipleSheetsBootcamp.swift */ = {isa = PBXFileReference; lastKnownFileType = sourcecode.swift; path = MultipleSheetsBootcamp.swift; sourceTree = "<group>"; };
		1EB137552CFFBBE6002F2E12 /* CoreDataBootcamp.swift */ = {isa = PBXFileReference; lastKnownFileType = sourcecode.swift; path = CoreDataBootcamp.swift; sourceTree = "<group>"; };
		1EB1375A2CFFC625002F2E12 /* CoreDataRelationshipsBootcamp.swift */ = {isa = PBXFileReference; lastKnownFileType = sourcecode.swift; path = CoreDataRelationshipsBootcamp.swift; sourceTree = "<group>"; };
		1EBA584E2CFE68E200766A7A /* MaskBootcamp.swift */ = {isa = PBXFileReference; lastKnownFileType = sourcecode.swift; path = MaskBootcamp.swift; sourceTree = "<group>"; };
		1EBA58502CFE6CE100766A7A /* SoundsBootcamp.swift */ = {isa = PBXFileReference; lastKnownFileType = sourcecode.swift; path = SoundsBootcamp.swift; sourceTree = "<group>"; };
		1EBA58552CFE6F8E00766A7A /* tada.mp3 */ = {isa = PBXFileReference; lastKnownFileType = audio.mp3; path = tada.mp3; sourceTree = "<group>"; };
		1EBA58572CFE714000766A7A /* HapticsBootcamp.swift */ = {isa = PBXFileReference; lastKnownFileType = sourcecode.swift; path = HapticsBootcamp.swift; sourceTree = "<group>"; };
		1EE3C1DF2CFDC6DF00AEF768 /* LongPressGestureBootcamp.swift */ = {isa = PBXFileReference; lastKnownFileType = sourcecode.swift; path = LongPressGestureBootcamp.swift; sourceTree = "<group>"; };
		1EE3C1E12CFDCBA900AEF768 /* MagnificationGestureBootcamp.swift */ = {isa = PBXFileReference; lastKnownFileType = sourcecode.swift; path = MagnificationGestureBootcamp.swift; sourceTree = "<group>"; };
		1EE3C1E32CFDD02300AEF768 /* RotationGestureBootcamp.swift */ = {isa = PBXFileReference; lastKnownFileType = sourcecode.swift; path = RotationGestureBootcamp.swift; sourceTree = "<group>"; };
		1EE3C1E52CFDD23700AEF768 /* DragGestureBootcamp.swift */ = {isa = PBXFileReference; lastKnownFileType = sourcecode.swift; path = DragGestureBootcamp.swift; sourceTree = "<group>"; };
		1EE3C1E72CFDE45100AEF768 /* DragGestureBootcamp2.swift */ = {isa = PBXFileReference; lastKnownFileType = sourcecode.swift; path = DragGestureBootcamp2.swift; sourceTree = "<group>"; };
		1EE3C1EB2CFDEEB700AEF768 /* ScrollViewReaderBootcamp.swift */ = {isa = PBXFileReference; lastKnownFileType = sourcecode.swift; path = ScrollViewReaderBootcamp.swift; sourceTree = "<group>"; };
		1EE3C1ED2CFDF4C900AEF768 /* GeometryReaderBootcamp.swift */ = {isa = PBXFileReference; lastKnownFileType = sourcecode.swift; path = GeometryReaderBootcamp.swift; sourceTree = "<group>"; };
/* End PBXFileReference section */

/* Begin PBXFrameworksBuildPhase section */
		1E7E6E322CFD37EE005AA259 /* Frameworks */ = {
			isa = PBXFrameworksBuildPhase;
			buildActionMask = 2147483647;
			files = (
			);
			runOnlyForDeploymentPostprocessing = 0;
		};
/* End PBXFrameworksBuildPhase section */

/* Begin PBXGroup section */
		1E7E6E2C2CFD37EE005AA259 = {
			isa = PBXGroup;
			children = (
				1E7E6E372CFD37EE005AA259 /* SwiftfulThinkingContinuedLearning */,
				1E7E6E362CFD37EE005AA259 /* Products */,
			);
			sourceTree = "<group>";
		};
		1E7E6E362CFD37EE005AA259 /* Products */ = {
			isa = PBXGroup;
			children = (
				1E7E6E352CFD37EE005AA259 /* SwiftfulThinkingContinuedLearning.app */,
			);
			name = Products;
			sourceTree = "<group>";
		};
		1E7E6E372CFD37EE005AA259 /* SwiftfulThinkingContinuedLearning */ = {
			isa = PBXGroup;
			children = (
				1E1449432CFF5119005B4EBA /* ArraysBootcamp.swift */,
				1E67F5FD2D0084B300F13873 /* BackgroundThreadBootcamp.swift */,
				1E7E6E3A2CFD37EF005AA259 /* ContentView.swift */,
				1EB137552CFFBBE6002F2E12 /* CoreDataBootcamp.swift */,
				1EB1375A2CFFC625002F2E12 /* CoreDataRelationshipsBootcamp.swift */,
				1EE3C1E52CFDD23700AEF768 /* DragGestureBootcamp.swift */,
				1EE3C1E72CFDE45100AEF768 /* DragGestureBootcamp2.swift */,
				1EE3C1ED2CFDF4C900AEF768 /* GeometryReaderBootcamp.swift */,
				1EBA58572CFE714000766A7A /* HapticsBootcamp.swift */,
				1E1449412CFF4CB2005B4EBA /* HashableBootcamp.swift */,
				1E6254B62CFF0474006D6FC3 /* LocalNotificationBootcamp.swift */,
				1EE3C1DF2CFDC6DF00AEF768 /* LongPressGestureBootcamp.swift */,
				1679348C2D2E9FE7007B7024 /* WeakSelfBootcamp.swift */,
				1679348E2D2EAE3B007B7024 /* TypeAliasBootcamp.swift */,
				1EE3C1E12CFDCBA900AEF768 /* MagnificationGestureBootcamp.swift */,
				167934922D2EBEA3007B7024 /* CodableBootcamp.swift */,
				1EBA584E2CFE68E200766A7A /* MaskBootcamp.swift */,
				167934902D2EB03C007B7024 /* EscapingBootcamp.swift */,
				1E8B3E8A2CFE3AFE00810FC9 /* MultipleSheetsBootcamp.swift */,
				1EE3C1E32CFDD02300AEF768 /* RotationGestureBootcamp.swift */,
				1EE3C1EB2CFDEEB700AEF768 /* ScrollViewReaderBootcamp.swift */,
				160F2C1B2D2FEA7B00A98ED9 /* DownloadWithCombine.swift */,
				160F2C1D2D3000E600A98ED9 /* TimerBootcamp.swift */,
				160F2C212D3035DD00A98ED9 /* FileManagerBootcamp.swift */,
				16724E572D31304D00189EA7 /* CacheBootcamp.swift */,
				160F2C1F2D301D5400A98ED9 /* SubscriberBootcamp.swift */,
				167934942D2ECD38007B7024 /* DownloadWithEscapingBootcamp.swift */,
				1EBA58502CFE6CE100766A7A /* SoundsBootcamp.swift */,
				1E7E6E382CFD37EF005AA259 /* SwiftfulThinkingContinuedLearningApp.swift */,
				1E7E6E3C2CFD37F0005AA259 /* Assets.xcassets */,
				1697E3A02D2E8DE300000FE5 /* CoreDataCointainer.xcdatamodeld */,
				1697E39D2D2E8C6800000FE5 /* FruitsContainer.xcdatamodeld */,
				1E7E6E3E2CFD37F0005AA259 /* Preview Content */,
				1EBA58542CFE6F6C00766A7A /* Sounds */,
			);
			path = SwiftfulThinkingContinuedLearning;
			sourceTree = "<group>";
		};
		1E7E6E3E2CFD37F0005AA259 /* Preview Content */ = {
			isa = PBXGroup;
			children = (
				1E7E6E3F2CFD37F0005AA259 /* Preview Assets.xcassets */,
			);
			path = "Preview Content";
			sourceTree = "<group>";
		};
		1EBA58542CFE6F6C00766A7A /* Sounds */ = {
			isa = PBXGroup;
			children = (
				1EBA58552CFE6F8E00766A7A /* tada.mp3 */,
			);
			path = Sounds;
			sourceTree = "<group>";
		};
/* End PBXGroup section */

/* Begin PBXNativeTarget section */
		1E7E6E342CFD37EE005AA259 /* SwiftfulThinkingContinuedLearning */ = {
			isa = PBXNativeTarget;
			buildConfigurationList = 1E7E6E432CFD37F0005AA259 /* Build configuration list for PBXNativeTarget "SwiftfulThinkingContinuedLearning" */;
			buildPhases = (
				1E7E6E312CFD37EE005AA259 /* Sources */,
				1E7E6E322CFD37EE005AA259 /* Frameworks */,
				1E7E6E332CFD37EE005AA259 /* Resources */,
			);
			buildRules = (
			);
			dependencies = (
			);
			name = SwiftfulThinkingContinuedLearning;
			productName = SwiftfulThinkingContinuedLearning;
			productReference = 1E7E6E352CFD37EE005AA259 /* SwiftfulThinkingContinuedLearning.app */;
			productType = "com.apple.product-type.application";
		};
/* End PBXNativeTarget section */

/* Begin PBXProject section */
		1E7E6E2D2CFD37EE005AA259 /* Project object */ = {
			isa = PBXProject;
			attributes = {
				BuildIndependentTargetsInParallel = 1;
				LastSwiftUpdateCheck = 1540;
				LastUpgradeCheck = 1540;
				TargetAttributes = {
					1E7E6E342CFD37EE005AA259 = {
						CreatedOnToolsVersion = 15.4;
					};
				};
			};
			buildConfigurationList = 1E7E6E302CFD37EE005AA259 /* Build configuration list for PBXProject "SwiftfulThinkingContinuedLearning" */;
			compatibilityVersion = "Xcode 14.0";
			developmentRegion = en;
			hasScannedForEncodings = 0;
			knownRegions = (
				en,
				Base,
			);
			mainGroup = 1E7E6E2C2CFD37EE005AA259;
			productRefGroup = 1E7E6E362CFD37EE005AA259 /* Products */;
			projectDirPath = "";
			projectRoot = "";
			targets = (
				1E7E6E342CFD37EE005AA259 /* SwiftfulThinkingContinuedLearning */,
			);
		};
/* End PBXProject section */

/* Begin PBXResourcesBuildPhase section */
		1E7E6E332CFD37EE005AA259 /* Resources */ = {
			isa = PBXResourcesBuildPhase;
			buildActionMask = 2147483647;
			files = (
				1E7E6E402CFD37F0005AA259 /* Preview Assets.xcassets in Resources */,
				1E7E6E3D2CFD37F0005AA259 /* Assets.xcassets in Resources */,
				1EBA58562CFE6F8E00766A7A /* tada.mp3 in Resources */,
			);
			runOnlyForDeploymentPostprocessing = 0;
		};
/* End PBXResourcesBuildPhase section */

/* Begin PBXSourcesBuildPhase section */
		1E7E6E312CFD37EE005AA259 /* Sources */ = {
			isa = PBXSourcesBuildPhase;
			buildActionMask = 2147483647;
			files = (
				167934912D2EB03C007B7024 /* EscapingBootcamp.swift in Sources */,
				1E1449422CFF4CB2005B4EBA /* HashableBootcamp.swift in Sources */,
				160F2C1C2D2FEA7B00A98ED9 /* DownloadWithCombine.swift in Sources */,
				1EBA58512CFE6CE100766A7A /* SoundsBootcamp.swift in Sources */,
				16724E582D31304D00189EA7 /* CacheBootcamp.swift in Sources */,
				1E67F5FE2D0084B300F13873 /* BackgroundThreadBootcamp.swift in Sources */,
				1EE3C1E82CFDE45100AEF768 /* DragGestureBootcamp2.swift in Sources */,
				160F2C222D3035DD00A98ED9 /* FileManagerBootcamp.swift in Sources */,
				1697E3A22D2E8DE300000FE5 /* CoreDataCointainer.xcdatamodeld in Sources */,
				1EB137562CFFBBE6002F2E12 /* CoreDataBootcamp.swift in Sources */,
				1EBA584F2CFE68E200766A7A /* MaskBootcamp.swift in Sources */,
				1EE3C1E62CFDD23700AEF768 /* DragGestureBootcamp.swift in Sources */,
				1E7E6E3B2CFD37EF005AA259 /* ContentView.swift in Sources */,
				160F2C202D301D5400A98ED9 /* SubscriberBootcamp.swift in Sources */,
				1679348F2D2EAE3B007B7024 /* TypeAliasBootcamp.swift in Sources */,
				1697E39F2D2E8C6800000FE5 /* FruitsContainer.xcdatamodeld in Sources */,
				1E1449442CFF5119005B4EBA /* ArraysBootcamp.swift in Sources */,
				1E6254B72CFF0474006D6FC3 /* LocalNotificationBootcamp.swift in Sources */,
				1EE3C1EC2CFDEEB700AEF768 /* ScrollViewReaderBootcamp.swift in Sources */,
				1E8B3E8B2CFE3AFE00810FC9 /* MultipleSheetsBootcamp.swift in Sources */,
				167934952D2ECD38007B7024 /* DownloadWithEscapingBootcamp.swift in Sources */,
				167934932D2EBEA3007B7024 /* CodableBootcamp.swift in Sources */,
				1679348D2D2E9FE7007B7024 /* WeakSelfBootcamp.swift in Sources */,
				1E7E6E392CFD37EF005AA259 /* SwiftfulThinkingContinuedLearningApp.swift in Sources */,
				1EE3C1E22CFDCBA900AEF768 /* MagnificationGestureBootcamp.swift in Sources */,
				1EE3C1EE2CFDF4C900AEF768 /* GeometryReaderBootcamp.swift in Sources */,
				1EBA58582CFE714000766A7A /* HapticsBootcamp.swift in Sources */,
				160F2C1E2D3000E600A98ED9 /* TimerBootcamp.swift in Sources */,
				1EB1375B2CFFC625002F2E12 /* CoreDataRelationshipsBootcamp.swift in Sources */,
				1EE3C1E02CFDC6DF00AEF768 /* LongPressGestureBootcamp.swift in Sources */,
				1EE3C1E42CFDD02300AEF768 /* RotationGestureBootcamp.swift in Sources */,
			);
			runOnlyForDeploymentPostprocessing = 0;
		};
/* End PBXSourcesBuildPhase section */

/* Begin XCBuildConfiguration section */
		1E7E6E412CFD37F0005AA259 /* Debug */ = {
			isa = XCBuildConfiguration;
			buildSettings = {
				ALWAYS_SEARCH_USER_PATHS = NO;
				ASSETCATALOG_COMPILER_GENERATE_SWIFT_ASSET_SYMBOL_EXTENSIONS = YES;
				CLANG_ANALYZER_NONNULL = YES;
				CLANG_ANALYZER_NUMBER_OBJECT_CONVERSION = YES_AGGRESSIVE;
				CLANG_CXX_LANGUAGE_STANDARD = "gnu++20";
				CLANG_ENABLE_MODULES = YES;
				CLANG_ENABLE_OBJC_ARC = YES;
				CLANG_ENABLE_OBJC_WEAK = YES;
				CLANG_WARN_BLOCK_CAPTURE_AUTORELEASING = YES;
				CLANG_WARN_BOOL_CONVERSION = YES;
				CLANG_WARN_COMMA = YES;
				CLANG_WARN_CONSTANT_CONVERSION = YES;
				CLANG_WARN_DEPRECATED_OBJC_IMPLEMENTATIONS = YES;
				CLANG_WARN_DIRECT_OBJC_ISA_USAGE = YES_ERROR;
				CLANG_WARN_DOCUMENTATION_COMMENTS = YES;
				CLANG_WARN_EMPTY_BODY = YES;
				CLANG_WARN_ENUM_CONVERSION = YES;
				CLANG_WARN_INFINITE_RECURSION = YES;
				CLANG_WARN_INT_CONVERSION = YES;
				CLANG_WARN_NON_LITERAL_NULL_CONVERSION = YES;
				CLANG_WARN_OBJC_IMPLICIT_RETAIN_SELF = YES;
				CLANG_WARN_OBJC_LITERAL_CONVERSION = YES;
				CLANG_WARN_OBJC_ROOT_CLASS = YES_ERROR;
				CLANG_WARN_QUOTED_INCLUDE_IN_FRAMEWORK_HEADER = YES;
				CLANG_WARN_RANGE_LOOP_ANALYSIS = YES;
				CLANG_WARN_STRICT_PROTOTYPES = YES;
				CLANG_WARN_SUSPICIOUS_MOVE = YES;
				CLANG_WARN_UNGUARDED_AVAILABILITY = YES_AGGRESSIVE;
				CLANG_WARN_UNREACHABLE_CODE = YES;
				CLANG_WARN__DUPLICATE_METHOD_MATCH = YES;
				COPY_PHASE_STRIP = NO;
				DEBUG_INFORMATION_FORMAT = dwarf;
				ENABLE_STRICT_OBJC_MSGSEND = YES;
				ENABLE_TESTABILITY = YES;
				ENABLE_USER_SCRIPT_SANDBOXING = YES;
				GCC_C_LANGUAGE_STANDARD = gnu17;
				GCC_DYNAMIC_NO_PIC = NO;
				GCC_NO_COMMON_BLOCKS = YES;
				GCC_OPTIMIZATION_LEVEL = 0;
				GCC_PREPROCESSOR_DEFINITIONS = (
					"DEBUG=1",
					"$(inherited)",
				);
				GCC_WARN_64_TO_32_BIT_CONVERSION = YES;
				GCC_WARN_ABOUT_RETURN_TYPE = YES_ERROR;
				GCC_WARN_UNDECLARED_SELECTOR = YES;
				GCC_WARN_UNINITIALIZED_AUTOS = YES_AGGRESSIVE;
				GCC_WARN_UNUSED_FUNCTION = YES;
				GCC_WARN_UNUSED_VARIABLE = YES;
				IPHONEOS_DEPLOYMENT_TARGET = 17.5;
				LOCALIZATION_PREFERS_STRING_CATALOGS = YES;
				MTL_ENABLE_DEBUG_INFO = INCLUDE_SOURCE;
				MTL_FAST_MATH = YES;
				ONLY_ACTIVE_ARCH = YES;
				SDKROOT = iphoneos;
				SWIFT_ACTIVE_COMPILATION_CONDITIONS = "DEBUG $(inherited)";
				SWIFT_OPTIMIZATION_LEVEL = "-Onone";
			};
			name = Debug;
		};
		1E7E6E422CFD37F0005AA259 /* Release */ = {
			isa = XCBuildConfiguration;
			buildSettings = {
				ALWAYS_SEARCH_USER_PATHS = NO;
				ASSETCATALOG_COMPILER_GENERATE_SWIFT_ASSET_SYMBOL_EXTENSIONS = YES;
				CLANG_ANALYZER_NONNULL = YES;
				CLANG_ANALYZER_NUMBER_OBJECT_CONVERSION = YES_AGGRESSIVE;
				CLANG_CXX_LANGUAGE_STANDARD = "gnu++20";
				CLANG_ENABLE_MODULES = YES;
				CLANG_ENABLE_OBJC_ARC = YES;
				CLANG_ENABLE_OBJC_WEAK = YES;
				CLANG_WARN_BLOCK_CAPTURE_AUTORELEASING = YES;
				CLANG_WARN_BOOL_CONVERSION = YES;
				CLANG_WARN_COMMA = YES;
				CLANG_WARN_CONSTANT_CONVERSION = YES;
				CLANG_WARN_DEPRECATED_OBJC_IMPLEMENTATIONS = YES;
				CLANG_WARN_DIRECT_OBJC_ISA_USAGE = YES_ERROR;
				CLANG_WARN_DOCUMENTATION_COMMENTS = YES;
				CLANG_WARN_EMPTY_BODY = YES;
				CLANG_WARN_ENUM_CONVERSION = YES;
				CLANG_WARN_INFINITE_RECURSION = YES;
				CLANG_WARN_INT_CONVERSION = YES;
				CLANG_WARN_NON_LITERAL_NULL_CONVERSION = YES;
				CLANG_WARN_OBJC_IMPLICIT_RETAIN_SELF = YES;
				CLANG_WARN_OBJC_LITERAL_CONVERSION = YES;
				CLANG_WARN_OBJC_ROOT_CLASS = YES_ERROR;
				CLANG_WARN_QUOTED_INCLUDE_IN_FRAMEWORK_HEADER = YES;
				CLANG_WARN_RANGE_LOOP_ANALYSIS = YES;
				CLANG_WARN_STRICT_PROTOTYPES = YES;
				CLANG_WARN_SUSPICIOUS_MOVE = YES;
				CLANG_WARN_UNGUARDED_AVAILABILITY = YES_AGGRESSIVE;
				CLANG_WARN_UNREACHABLE_CODE = YES;
				CLANG_WARN__DUPLICATE_METHOD_MATCH = YES;
				COPY_PHASE_STRIP = NO;
				DEBUG_INFORMATION_FORMAT = "dwarf-with-dsym";
				ENABLE_NS_ASSERTIONS = NO;
				ENABLE_STRICT_OBJC_MSGSEND = YES;
				ENABLE_USER_SCRIPT_SANDBOXING = YES;
				GCC_C_LANGUAGE_STANDARD = gnu17;
				GCC_NO_COMMON_BLOCKS = YES;
				GCC_WARN_64_TO_32_BIT_CONVERSION = YES;
				GCC_WARN_ABOUT_RETURN_TYPE = YES_ERROR;
				GCC_WARN_UNDECLARED_SELECTOR = YES;
				GCC_WARN_UNINITIALIZED_AUTOS = YES_AGGRESSIVE;
				GCC_WARN_UNUSED_FUNCTION = YES;
				GCC_WARN_UNUSED_VARIABLE = YES;
				IPHONEOS_DEPLOYMENT_TARGET = 17.5;
				LOCALIZATION_PREFERS_STRING_CATALOGS = YES;
				MTL_ENABLE_DEBUG_INFO = NO;
				MTL_FAST_MATH = YES;
				SDKROOT = iphoneos;
				SWIFT_COMPILATION_MODE = wholemodule;
				VALIDATE_PRODUCT = YES;
			};
			name = Release;
		};
		1E7E6E442CFD37F0005AA259 /* Debug */ = {
			isa = XCBuildConfiguration;
			buildSettings = {
				ASSETCATALOG_COMPILER_APPICON_NAME = AppIcon;
				ASSETCATALOG_COMPILER_GLOBAL_ACCENT_COLOR_NAME = AccentColor;
				CODE_SIGN_STYLE = Automatic;
				CURRENT_PROJECT_VERSION = 1;
				DEVELOPMENT_ASSET_PATHS = "\"SwiftfulThinkingContinuedLearning/Preview Content\"";
				ENABLE_PREVIEWS = YES;
				GENERATE_INFOPLIST_FILE = YES;
				INFOPLIST_KEY_UIApplicationSceneManifest_Generation = YES;
				INFOPLIST_KEY_UIApplicationSupportsIndirectInputEvents = YES;
				INFOPLIST_KEY_UILaunchScreen_Generation = YES;
				INFOPLIST_KEY_UISupportedInterfaceOrientations_iPad = "UIInterfaceOrientationPortrait UIInterfaceOrientationPortraitUpsideDown UIInterfaceOrientationLandscapeLeft UIInterfaceOrientationLandscapeRight";
				INFOPLIST_KEY_UISupportedInterfaceOrientations_iPhone = "UIInterfaceOrientationPortrait UIInterfaceOrientationLandscapeLeft UIInterfaceOrientationLandscapeRight";
				LD_RUNPATH_SEARCH_PATHS = (
					"$(inherited)",
					"@executable_path/Frameworks",
				);
				MARKETING_VERSION = 1.0;
				PRODUCT_BUNDLE_IDENTIFIER = com.learning.SwiftfulThinkingContinuedLearning;
				PRODUCT_NAME = "$(TARGET_NAME)";
				SWIFT_EMIT_LOC_STRINGS = YES;
				SWIFT_VERSION = 5.0;
				TARGETED_DEVICE_FAMILY = "1,2";
			};
			name = Debug;
		};
		1E7E6E452CFD37F0005AA259 /* Release */ = {
			isa = XCBuildConfiguration;
			buildSettings = {
				ASSETCATALOG_COMPILER_APPICON_NAME = AppIcon;
				ASSETCATALOG_COMPILER_GLOBAL_ACCENT_COLOR_NAME = AccentColor;
				CODE_SIGN_STYLE = Automatic;
				CURRENT_PROJECT_VERSION = 1;
				DEVELOPMENT_ASSET_PATHS = "\"SwiftfulThinkingContinuedLearning/Preview Content\"";
				ENABLE_PREVIEWS = YES;
				GENERATE_INFOPLIST_FILE = YES;
				INFOPLIST_KEY_UIApplicationSceneManifest_Generation = YES;
				INFOPLIST_KEY_UIApplicationSupportsIndirectInputEvents = YES;
				INFOPLIST_KEY_UILaunchScreen_Generation = YES;
				INFOPLIST_KEY_UISupportedInterfaceOrientations_iPad = "UIInterfaceOrientationPortrait UIInterfaceOrientationPortraitUpsideDown UIInterfaceOrientationLandscapeLeft UIInterfaceOrientationLandscapeRight";
				INFOPLIST_KEY_UISupportedInterfaceOrientations_iPhone = "UIInterfaceOrientationPortrait UIInterfaceOrientationLandscapeLeft UIInterfaceOrientationLandscapeRight";
				LD_RUNPATH_SEARCH_PATHS = (
					"$(inherited)",
					"@executable_path/Frameworks",
				);
				MARKETING_VERSION = 1.0;
				PRODUCT_BUNDLE_IDENTIFIER = com.learning.SwiftfulThinkingContinuedLearning;
				PRODUCT_NAME = "$(TARGET_NAME)";
				SWIFT_EMIT_LOC_STRINGS = YES;
				SWIFT_VERSION = 5.0;
				TARGETED_DEVICE_FAMILY = "1,2";
			};
			name = Release;
		};
/* End XCBuildConfiguration section */

/* Begin XCConfigurationList section */
		1E7E6E302CFD37EE005AA259 /* Build configuration list for PBXProject "SwiftfulThinkingContinuedLearning" */ = {
			isa = XCConfigurationList;
			buildConfigurations = (
				1E7E6E412CFD37F0005AA259 /* Debug */,
				1E7E6E422CFD37F0005AA259 /* Release */,
			);
			defaultConfigurationIsVisible = 0;
			defaultConfigurationName = Release;
		};
		1E7E6E432CFD37F0005AA259 /* Build configuration list for PBXNativeTarget "SwiftfulThinkingContinuedLearning" */ = {
			isa = XCConfigurationList;
			buildConfigurations = (
				1E7E6E442CFD37F0005AA259 /* Debug */,
				1E7E6E452CFD37F0005AA259 /* Release */,
			);
			defaultConfigurationIsVisible = 0;
			defaultConfigurationName = Release;
		};
/* End XCConfigurationList section */

/* Begin XCVersionGroup section */
		1697E39D2D2E8C6800000FE5 /* FruitsContainer.xcdatamodeld */ = {
			isa = XCVersionGroup;
			children = (
				1697E39E2D2E8C6800000FE5 /* FruitsContainer.xcdatamodel */,
			);
			currentVersion = 1697E39E2D2E8C6800000FE5 /* FruitsContainer.xcdatamodel */;
			path = FruitsContainer.xcdatamodeld;
			sourceTree = "<group>";
			versionGroupType = wrapper.xcdatamodel;
		};
		1697E3A02D2E8DE300000FE5 /* CoreDataCointainer.xcdatamodeld */ = {
			isa = XCVersionGroup;
			children = (
				1697E3A12D2E8DE300000FE5 /* CoreDataCointainer.xcdatamodel */,
			);
			currentVersion = 1697E3A12D2E8DE300000FE5 /* CoreDataCointainer.xcdatamodel */;
			path = CoreDataCointainer.xcdatamodeld;
			sourceTree = "<group>";
			versionGroupType = wrapper.xcdatamodel;
		};
/* End XCVersionGroup section */
	};
	rootObject = 1E7E6E2D2CFD37EE005AA259 /* Project object */;
}
